
Microsoft Visual Studio Solution File, Format Version 12.00
# Visual Studio Version 16
VisualStudioVersion = 16.0.29806.167
MinimumVisualStudioVersion = 10.0.40219.1
Project("{9A19103F-16F7-4668-BE54-9A1E7A4F7556}") = "NetCoreDemo", "NetCoreDemo\NetCoreDemo.csproj", "{0AD4654F-444E-47A6-9B4F-B37EC7DC4462}"
EndProject
Global
	GlobalSection(SolutionConfigurationPlatforms) = preSolution
		Debug|Any CPU = Debug|Any CPU
		Release|Any CPU = Release|Any CPU
	EndGlobalSection
	GlobalSection(ProjectConfigurationPlatforms) = postSolution
		{0AD4654F-444E-47A6-9B4F-B37EC7DC4462}.Debug|Any CPU.ActiveCfg = Debug|Any CPU
		{0AD4654F-444E-47A6-9B4F-B37EC7DC4462}.Debug|Any CPU.Build.0 = Debug|Any CPU
		{0AD4654F-444E-47A6-9B4F-B37EC7DC4462}.Release|Any CPU.ActiveCfg = Release|Any CPU
		{0AD4654F-444E-47A6-9B4F-B37EC7DC4462}.Release|Any CPU.Build.0 = Release|Any CPU
	EndGlobalSection
	GlobalSection(SolutionProperties) = preSolution
		HideSolutionNode = FALSE
	EndGlobalSection
	GlobalSection(ExtensibilityGlobals) = postSolution
		SolutionGuid = {13BBCC44-C583-40F7-99D6-B87A93CCB513}
	EndGlobalSection
EndGlobal
